
Microsoft Visual Studio Solution File, Format Version 12.00
# Visual Studio Version 17
VisualStudioVersion = 17.9.34728.123
MinimumVisualStudioVersion = 10.0.40219.1
Project("{9A19103F-16F7-4668-BE54-9A1E7A4F7556}") = "Login_Gabriel.Server", "Login_Gabriel\Server\Login_Gabriel.Server.csproj", "{CDABB595-27C4-45D3-95F5-C902AD2F5E7F}"
EndProject
Project("{9A19103F-16F7-4668-BE54-9A1E7A4F7556}") = "Login_Gabriel.Client", "Login_Gabriel\Client\Login_Gabriel.Client.csproj", "{3D4AE0C1-D3B4-452F-B254-B328DD92877A}"
EndProject
Project("{9A19103F-16F7-4668-BE54-9A1E7A4F7556}") = "Login_Gabriel.Shared", "Login_Gabriel\Shared\Login_Gabriel.Shared.csproj", "{B4F0F6CC-99A2-4D1D-A018-D45654C4F79B}"
EndProject
Global
	GlobalSection(SolutionConfigurationPlatforms) = preSolution
		Debug|Any CPU = Debug|Any CPU
		Release|Any CPU = Release|Any CPU
	EndGlobalSection
	GlobalSection(ProjectConfigurationPlatforms) = postSolution
		{CDABB595-27C4-45D3-95F5-C902AD2F5E7F}.Debug|Any CPU.ActiveCfg = Debug|Any CPU
		{CDABB595-27C4-45D3-95F5-C902AD2F5E7F}.Debug|Any CPU.Build.0 = Debug|Any CPU
		{CDABB595-27C4-45D3-95F5-C902AD2F5E7F}.Release|Any CPU.ActiveCfg = Release|Any CPU
		{CDABB595-27C4-45D3-95F5-C902AD2F5E7F}.Release|Any CPU.Build.0 = Release|Any CPU
		{3D4AE0C1-D3B4-452F-B254-B328DD92877A}.Debug|Any CPU.ActiveCfg = Debug|Any CPU
		{3D4AE0C1-D3B4-452F-B254-B328DD92877A}.Debug|Any CPU.Build.0 = Debug|Any CPU
		{3D4AE0C1-D3B4-452F-B254-B328DD92877A}.Release|Any CPU.ActiveCfg = Release|Any CPU
		{3D4AE0C1-D3B4-452F-B254-B328DD92877A}.Release|Any CPU.Build.0 = Release|Any CPU
		{B4F0F6CC-99A2-4D1D-A018-D45654C4F79B}.Debug|Any CPU.ActiveCfg = Debug|Any CPU
		{B4F0F6CC-99A2-4D1D-A018-D45654C4F79B}.Debug|Any CPU.Build.0 = Debug|Any CPU
		{B4F0F6CC-99A2-4D1D-A018-D45654C4F79B}.Release|Any CPU.ActiveCfg = Release|Any CPU
		{B4F0F6CC-99A2-4D1D-A018-D45654C4F79B}.Release|Any CPU.Build.0 = Release|Any CPU
	EndGlobalSection
	GlobalSection(SolutionProperties) = preSolution
		HideSolutionNode = FALSE
	EndGlobalSection
	GlobalSection(ExtensibilityGlobals) = postSolution
		SolutionGuid = {251C7A55-5A98-4BF3-98EA-E4A7F6E2E8A9}
	EndGlobalSection
EndGlobal
